
Microsoft Visual Studio Solution File, Format Version 12.00
# Visual Studio 15
VisualStudioVersion = 15.0.28010.2036
MinimumVisualStudioVersion = 10.0.40219.1
Project("{9A19103F-16F7-4668-BE54-9A1E7A4F7556}") = "FlutterSDK", "FlutterSDK\FlutterSDK.csproj", "{0781218D-0BCF-4528-AA32-A1937572E43B}"
EndProject
Project("{2150E333-8FDC-42A3-9474-1A3956D46DE8}") = "Solution Items", "Solution Items", "{0D75E496-44EB-4553-B1D1-D16F2F2301ED}"
	ProjectSection(SolutionItems) = preProject
		.gitignore = .gitignore
		CODE_OF_CONDUCT.md = CODE_OF_CONDUCT.md
		LICENSE = LICENSE
		README.md = README.md
		TRANSPILER_README.md = TRANSPILER_README.md
	EndProjectSection
EndProject
Project("{9A19103F-16F7-4668-BE54-9A1E7A4F7556}") = "FlutterBinding", "FlutterBinding\FlutterBinding.csproj", "{C9313643-3357-4872-9B00-03E2C79AD297}"
EndProject
Project("{2150E333-8FDC-42A3-9474-1A3956D46DE8}") = "Shell", "Shell", "{AEF05715-89B3-4BDE-96B4-A8C502ADD1E5}"
EndProject
Project("{FAE04EC0-301F-11D3-BF4B-00C04F79EFBC}") = "Flutter.Shell.UWP", "Flutter.Shell.UWP\Flutter.Shell.UWP.csproj", "{A5BF7067-2A28-4002-AEB4-1965D0DEDC14}"
EndProject
Project("{2150E333-8FDC-42A3-9474-1A3956D46DE8}") = "Sample", "Sample", "{A913B932-A596-428F-9B4B-F17692C41D1A}"
EndProject
Project("{FAE04EC0-301F-11D3-BF4B-00C04F79EFBC}") = "Flutter.Sample.UWP", "Flutter.Sample.UWP\Flutter.Sample.UWP.csproj", "{F02BD326-5760-4246-9EDC-C41B489E965B}"
EndProject
Project("{2150E333-8FDC-42A3-9474-1A3956D46DE8}") = "Flutter", "Flutter", "{A3093869-0FE2-4929-8A5C-D384A14F0065}"
	ProjectSection(SolutionItems) = preProject
		..\..\Downloads\model.json = ..\..\Downloads\model.json
	EndProjectSection
EndProject
Project("{FAE04EC0-301F-11D3-BF4B-00C04F79EFBC}") = "Flutter.Shell.Droid", "Flutter.Shell.Droid\Flutter.Shell.Droid.csproj", "{C9E1CAA4-53F3-4032-92A0-81F5322D446B}"
EndProject
Project("{FAE04EC0-301F-11D3-BF4B-00C04F79EFBC}") = "Flutter.Sample.Droid", "Flutter.Sample.Droid\Flutter.Sample.Droid.csproj", "{48483C42-37B1-4258-BD46-8387A4FA71C1}"
EndProject
Project("{9A19103F-16F7-4668-BE54-9A1E7A4F7556}") = "Flutter.Sample.App", "Flutter.Sample.App\Flutter.Sample.App.csproj", "{E0FB1BF8-E32C-4A8A-9AE6-E501CC68F279}"
EndProject
Project("{FAE04EC0-301F-11D3-BF4B-00C04F79EFBC}") = "FlutterBindingSample", "FlutterBindingSample\FlutterBindingSample.csproj", "{2AFB0021-0EE7-4F30-9598-22E269F355CA}"
EndProject
Global
	GlobalSection(SolutionConfigurationPlatforms) = preSolution
		Debug|Any CPU = Debug|Any CPU
		Debug|ARM = Debug|ARM
		Debug|x64 = Debug|x64
		Debug|x86 = Debug|x86
		Release|Any CPU = Release|Any CPU
		Release|ARM = Release|ARM
		Release|x64 = Release|x64
		Release|x86 = Release|x86
	EndGlobalSection
	GlobalSection(ProjectConfigurationPlatforms) = postSolution
		{0781218D-0BCF-4528-AA32-A1937572E43B}.Debug|Any CPU.ActiveCfg = Debug|Any CPU
		{0781218D-0BCF-4528-AA32-A1937572E43B}.Debug|Any CPU.Build.0 = Debug|Any CPU
		{0781218D-0BCF-4528-AA32-A1937572E43B}.Debug|ARM.ActiveCfg = Debug|Any CPU
		{0781218D-0BCF-4528-AA32-A1937572E43B}.Debug|ARM.Build.0 = Debug|Any CPU
		{0781218D-0BCF-4528-AA32-A1937572E43B}.Debug|x64.ActiveCfg = Debug|Any CPU
		{0781218D-0BCF-4528-AA32-A1937572E43B}.Debug|x64.Build.0 = Debug|Any CPU
		{0781218D-0BCF-4528-AA32-A1937572E43B}.Debug|x86.ActiveCfg = Debug|Any CPU
		{0781218D-0BCF-4528-AA32-A1937572E43B}.Debug|x86.Build.0 = Debug|Any CPU
		{0781218D-0BCF-4528-AA32-A1937572E43B}.Release|Any CPU.ActiveCfg = Release|Any CPU
		{0781218D-0BCF-4528-AA32-A1937572E43B}.Release|Any CPU.Build.0 = Release|Any CPU
		{0781218D-0BCF-4528-AA32-A1937572E43B}.Release|ARM.ActiveCfg = Release|Any CPU
		{0781218D-0BCF-4528-AA32-A1937572E43B}.Release|ARM.Build.0 = Release|Any CPU
		{0781218D-0BCF-4528-AA32-A1937572E43B}.Release|x64.ActiveCfg = Release|Any CPU
		{0781218D-0BCF-4528-AA32-A1937572E43B}.Release|x64.Build.0 = Release|Any CPU
		{0781218D-0BCF-4528-AA32-A1937572E43B}.Release|x86.ActiveCfg = Release|Any CPU
		{0781218D-0BCF-4528-AA32-A1937572E43B}.Release|x86.Build.0 = Release|Any CPU
		{C9313643-3357-4872-9B00-03E2C79AD297}.Debug|Any CPU.ActiveCfg = Debug|Any CPU
		{C9313643-3357-4872-9B00-03E2C79AD297}.Debug|Any CPU.Build.0 = Debug|Any CPU
		{C9313643-3357-4872-9B00-03E2C79AD297}.Debug|ARM.ActiveCfg = Debug|Any CPU
		{C9313643-3357-4872-9B00-03E2C79AD297}.Debug|ARM.Build.0 = Debug|Any CPU
		{C9313643-3357-4872-9B00-03E2C79AD297}.Debug|x64.ActiveCfg = Debug|Any CPU
		{C9313643-3357-4872-9B00-03E2C79AD297}.Debug|x64.Build.0 = Debug|Any CPU
		{C9313643-3357-4872-9B00-03E2C79AD297}.Debug|x86.ActiveCfg = Debug|Any CPU
		{C9313643-3357-4872-9B00-03E2C79AD297}.Debug|x86.Build.0 = Debug|Any CPU
		{C9313643-3357-4872-9B00-03E2C79AD297}.Release|Any CPU.ActiveCfg = Release|Any CPU
		{C9313643-3357-4872-9B00-03E2C79AD297}.Release|Any CPU.Build.0 = Release|Any CPU
		{C9313643-3357-4872-9B00-03E2C79AD297}.Release|ARM.ActiveCfg = Release|Any CPU
		{C9313643-3357-4872-9B00-03E2C79AD297}.Release|ARM.Build.0 = Release|Any CPU
		{C9313643-3357-4872-9B00-03E2C79AD297}.Release|x64.ActiveCfg = Release|Any CPU
		{C9313643-3357-4872-9B00-03E2C79AD297}.Release|x64.Build.0 = Release|Any CPU
		{C9313643-3357-4872-9B00-03E2C79AD297}.Release|x86.ActiveCfg = Release|Any CPU
		{C9313643-3357-4872-9B00-03E2C79AD297}.Release|x86.Build.0 = Release|Any CPU
		{A5BF7067-2A28-4002-AEB4-1965D0DEDC14}.Debug|Any CPU.ActiveCfg = Debug|Any CPU
		{A5BF7067-2A28-4002-AEB4-1965D0DEDC14}.Debug|Any CPU.Build.0 = Debug|Any CPU
		{A5BF7067-2A28-4002-AEB4-1965D0DEDC14}.Debug|ARM.ActiveCfg = Debug|ARM
		{A5BF7067-2A28-4002-AEB4-1965D0DEDC14}.Debug|ARM.Build.0 = Debug|ARM
		{A5BF7067-2A28-4002-AEB4-1965D0DEDC14}.Debug|x64.ActiveCfg = Debug|x64
		{A5BF7067-2A28-4002-AEB4-1965D0DEDC14}.Debug|x64.Build.0 = Debug|x64
		{A5BF7067-2A28-4002-AEB4-1965D0DEDC14}.Debug|x86.ActiveCfg = Debug|x86
		{A5BF7067-2A28-4002-AEB4-1965D0DEDC14}.Debug|x86.Build.0 = Debug|x86
		{A5BF7067-2A28-4002-AEB4-1965D0DEDC14}.Release|Any CPU.ActiveCfg = Release|Any CPU
		{A5BF7067-2A28-4002-AEB4-1965D0DEDC14}.Release|Any CPU.Build.0 = Release|Any CPU
		{A5BF7067-2A28-4002-AEB4-1965D0DEDC14}.Release|ARM.ActiveCfg = Release|ARM
		{A5BF7067-2A28-4002-AEB4-1965D0DEDC14}.Release|ARM.Build.0 = Release|ARM
		{A5BF7067-2A28-4002-AEB4-1965D0DEDC14}.Release|x64.ActiveCfg = Release|x64
		{A5BF7067-2A28-4002-AEB4-1965D0DEDC14}.Release|x64.Build.0 = Release|x64
		{A5BF7067-2A28-4002-AEB4-1965D0DEDC14}.Release|x86.ActiveCfg = Release|x86
		{A5BF7067-2A28-4002-AEB4-1965D0DEDC14}.Release|x86.Build.0 = Release|x86
		{F02BD326-5760-4246-9EDC-C41B489E965B}.Debug|Any CPU.ActiveCfg = Debug|x86
		{F02BD326-5760-4246-9EDC-C41B489E965B}.Debug|ARM.ActiveCfg = Debug|ARM
		{F02BD326-5760-4246-9EDC-C41B489E965B}.Debug|ARM.Build.0 = Debug|ARM
		{F02BD326-5760-4246-9EDC-C41B489E965B}.Debug|ARM.Deploy.0 = Debug|ARM
		{F02BD326-5760-4246-9EDC-C41B489E965B}.Debug|x64.ActiveCfg = Debug|x64
		{F02BD326-5760-4246-9EDC-C41B489E965B}.Debug|x64.Build.0 = Debug|x64
		{F02BD326-5760-4246-9EDC-C41B489E965B}.Debug|x64.Deploy.0 = Debug|x64
		{F02BD326-5760-4246-9EDC-C41B489E965B}.Debug|x86.ActiveCfg = Debug|x86
		{F02BD326-5760-4246-9EDC-C41B489E965B}.Debug|x86.Build.0 = Debug|x86
		{F02BD326-5760-4246-9EDC-C41B489E965B}.Debug|x86.Deploy.0 = Debug|x86
		{F02BD326-5760-4246-9EDC-C41B489E965B}.Release|Any CPU.ActiveCfg = Release|x86
		{F02BD326-5760-4246-9EDC-C41B489E965B}.Release|ARM.ActiveCfg = Release|ARM
		{F02BD326-5760-4246-9EDC-C41B489E965B}.Release|ARM.Build.0 = Release|ARM
		{F02BD326-5760-4246-9EDC-C41B489E965B}.Release|ARM.Deploy.0 = Release|ARM
		{F02BD326-5760-4246-9EDC-C41B489E965B}.Release|x64.ActiveCfg = Release|x64
		{F02BD326-5760-4246-9EDC-C41B489E965B}.Release|x64.Build.0 = Release|x64
		{F02BD326-5760-4246-9EDC-C41B489E965B}.Release|x64.Deploy.0 = Release|x64
		{F02BD326-5760-4246-9EDC-C41B489E965B}.Release|x86.ActiveCfg = Release|x86
		{F02BD326-5760-4246-9EDC-C41B489E965B}.Release|x86.Build.0 = Release|x86
		{F02BD326-5760-4246-9EDC-C41B489E965B}.Release|x86.Deploy.0 = Release|x86
		{C9E1CAA4-53F3-4032-92A0-81F5322D446B}.Debug|Any CPU.ActiveCfg = Debug|Any CPU
		{C9E1CAA4-53F3-4032-92A0-81F5322D446B}.Debug|Any CPU.Build.0 = Debug|Any CPU
		{C9E1CAA4-53F3-4032-92A0-81F5322D446B}.Debug|ARM.ActiveCfg = Debug|Any CPU
		{C9E1CAA4-53F3-4032-92A0-81F5322D446B}.Debug|ARM.Build.0 = Debug|Any CPU
		{C9E1CAA4-53F3-4032-92A0-81F5322D446B}.Debug|x64.ActiveCfg = Debug|Any CPU
		{C9E1CAA4-53F3-4032-92A0-81F5322D446B}.Debug|x64.Build.0 = Debug|Any CPU
		{C9E1CAA4-53F3-4032-92A0-81F5322D446B}.Debug|x86.ActiveCfg = Debug|Any CPU
		{C9E1CAA4-53F3-4032-92A0-81F5322D446B}.Debug|x86.Build.0 = Debug|Any CPU
		{C9E1CAA4-53F3-4032-92A0-81F5322D446B}.Release|Any CPU.ActiveCfg = Release|Any CPU
		{C9E1CAA4-53F3-4032-92A0-81F5322D446B}.Release|Any CPU.Build.0 = Release|Any CPU
		{C9E1CAA4-53F3-4032-92A0-81F5322D446B}.Release|ARM.ActiveCfg = Release|Any CPU
		{C9E1CAA4-53F3-4032-92A0-81F5322D446B}.Release|ARM.Build.0 = Release|Any CPU
		{C9E1CAA4-53F3-4032-92A0-81F5322D446B}.Release|x64.ActiveCfg = Release|Any CPU
		{C9E1CAA4-53F3-4032-92A0-81F5322D446B}.Release|x64.Build.0 = Release|Any CPU
		{C9E1CAA4-53F3-4032-92A0-81F5322D446B}.Release|x86.ActiveCfg = Release|Any CPU
		{C9E1CAA4-53F3-4032-92A0-81F5322D446B}.Release|x86.Build.0 = Release|Any CPU
		{48483C42-37B1-4258-BD46-8387A4FA71C1}.Debug|Any CPU.ActiveCfg = Debug|Any CPU
		{48483C42-37B1-4258-BD46-8387A4FA71C1}.Debug|Any CPU.Build.0 = Debug|Any CPU
		{48483C42-37B1-4258-BD46-8387A4FA71C1}.Debug|Any CPU.Deploy.0 = Debug|Any CPU
		{48483C42-37B1-4258-BD46-8387A4FA71C1}.Debug|ARM.ActiveCfg = Debug|Any CPU
		{48483C42-37B1-4258-BD46-8387A4FA71C1}.Debug|ARM.Build.0 = Debug|Any CPU
		{48483C42-37B1-4258-BD46-8387A4FA71C1}.Debug|ARM.Deploy.0 = Debug|Any CPU
		{48483C42-37B1-4258-BD46-8387A4FA71C1}.Debug|x64.ActiveCfg = Debug|Any CPU
		{48483C42-37B1-4258-BD46-8387A4FA71C1}.Debug|x64.Build.0 = Debug|Any CPU
		{48483C42-37B1-4258-BD46-8387A4FA71C1}.Debug|x64.Deploy.0 = Debug|Any CPU
		{48483C42-37B1-4258-BD46-8387A4FA71C1}.Debug|x86.ActiveCfg = Debug|Any CPU
		{48483C42-37B1-4258-BD46-8387A4FA71C1}.Debug|x86.Build.0 = Debug|Any CPU
		{48483C42-37B1-4258-BD46-8387A4FA71C1}.Debug|x86.Deploy.0 = Debug|Any CPU
		{48483C42-37B1-4258-BD46-8387A4FA71C1}.Release|Any CPU.ActiveCfg = Release|Any CPU
		{48483C42-37B1-4258-BD46-8387A4FA71C1}.Release|Any CPU.Build.0 = Release|Any CPU
		{48483C42-37B1-4258-BD46-8387A4FA71C1}.Release|Any CPU.Deploy.0 = Release|Any CPU
		{48483C42-37B1-4258-BD46-8387A4FA71C1}.Release|ARM.ActiveCfg = Release|Any CPU
		{48483C42-37B1-4258-BD46-8387A4FA71C1}.Release|ARM.Build.0 = Release|Any CPU
		{48483C42-37B1-4258-BD46-8387A4FA71C1}.Release|ARM.Deploy.0 = Release|Any CPU
		{48483C42-37B1-4258-BD46-8387A4FA71C1}.Release|x64.ActiveCfg = Release|Any CPU
		{48483C42-37B1-4258-BD46-8387A4FA71C1}.Release|x64.Build.0 = Release|Any CPU
		{48483C42-37B1-4258-BD46-8387A4FA71C1}.Release|x64.Deploy.0 = Release|Any CPU
		{48483C42-37B1-4258-BD46-8387A4FA71C1}.Release|x86.ActiveCfg = Release|Any CPU
		{48483C42-37B1-4258-BD46-8387A4FA71C1}.Release|x86.Build.0 = Release|Any CPU
		{48483C42-37B1-4258-BD46-8387A4FA71C1}.Release|x86.Deploy.0 = Release|Any CPU
		{E0FB1BF8-E32C-4A8A-9AE6-E501CC68F279}.Debug|Any CPU.ActiveCfg = Debug|Any CPU
		{E0FB1BF8-E32C-4A8A-9AE6-E501CC68F279}.Debug|Any CPU.Build.0 = Debug|Any CPU
		{E0FB1BF8-E32C-4A8A-9AE6-E501CC68F279}.Debug|ARM.ActiveCfg = Debug|Any CPU
		{E0FB1BF8-E32C-4A8A-9AE6-E501CC68F279}.Debug|ARM.Build.0 = Debug|Any CPU
		{E0FB1BF8-E32C-4A8A-9AE6-E501CC68F279}.Debug|x64.ActiveCfg = Debug|Any CPU
		{E0FB1BF8-E32C-4A8A-9AE6-E501CC68F279}.Debug|x64.Build.0 = Debug|Any CPU
		{E0FB1BF8-E32C-4A8A-9AE6-E501CC68F279}.Debug|x86.ActiveCfg = Debug|Any CPU
		{E0FB1BF8-E32C-4A8A-9AE6-E501CC68F279}.Debug|x86.Build.0 = Debug|Any CPU
		{E0FB1BF8-E32C-4A8A-9AE6-E501CC68F279}.Release|Any CPU.ActiveCfg = Release|Any CPU
		{E0FB1BF8-E32C-4A8A-9AE6-E501CC68F279}.Release|Any CPU.Build.0 = Release|Any CPU
		{E0FB1BF8-E32C-4A8A-9AE6-E501CC68F279}.Release|ARM.ActiveCfg = Release|Any CPU
		{E0FB1BF8-E32C-4A8A-9AE6-E501CC68F279}.Release|ARM.Build.0 = Release|Any CPU
		{E0FB1BF8-E32C-4A8A-9AE6-E501CC68F279}.Release|x64.ActiveCfg = Release|Any CPU
		{E0FB1BF8-E32C-4A8A-9AE6-E501CC68F279}.Release|x64.Build.0 = Release|Any CPU
		{E0FB1BF8-E32C-4A8A-9AE6-E501CC68F279}.Release|x86.ActiveCfg = Release|Any CPU
		{E0FB1BF8-E32C-4A8A-9AE6-E501CC68F279}.Release|x86.Build.0 = Release|Any CPU
		{2AFB0021-0EE7-4F30-9598-22E269F355CA}.Debug|Any CPU.ActiveCfg = Debug|x86
		{2AFB0021-0EE7-4F30-9598-22E269F355CA}.Debug|ARM.ActiveCfg = Debug|ARM
		{2AFB0021-0EE7-4F30-9598-22E269F355CA}.Debug|ARM.Build.0 = Debug|ARM
		{2AFB0021-0EE7-4F30-9598-22E269F355CA}.Debug|ARM.Deploy.0 = Debug|ARM
		{2AFB0021-0EE7-4F30-9598-22E269F355CA}.Debug|x64.ActiveCfg = Debug|x64
		{2AFB0021-0EE7-4F30-9598-22E269F355CA}.Debug|x64.Build.0 = Debug|x64
		{2AFB0021-0EE7-4F30-9598-22E269F355CA}.Debug|x64.Deploy.0 = Debug|x64
		{2AFB0021-0EE7-4F30-9598-22E269F355CA}.Debug|x86.ActiveCfg = Debug|x86
		{2AFB0021-0EE7-4F30-9598-22E269F355CA}.Debug|x86.Build.0 = Debug|x86
		{2AFB0021-0EE7-4F30-9598-22E269F355CA}.Debug|x86.Deploy.0 = Debug|x86
		{2AFB0021-0EE7-4F30-9598-22E269F355CA}.Release|Any CPU.ActiveCfg = Release|x86
		{2AFB0021-0EE7-4F30-9598-22E269F355CA}.Release|ARM.ActiveCfg = Release|ARM
		{2AFB0021-0EE7-4F30-9598-22E269F355CA}.Release|ARM.Build.0 = Release|ARM
		{2AFB0021-0EE7-4F30-9598-22E269F355CA}.Release|ARM.Deploy.0 = Release|ARM
		{2AFB0021-0EE7-4F30-9598-22E269F355CA}.Release|x64.ActiveCfg = Release|x64
		{2AFB0021-0EE7-4F30-9598-22E269F355CA}.Release|x64.Build.0 = Release|x64
		{2AFB0021-0EE7-4F30-9598-22E269F355CA}.Release|x64.Deploy.0 = Release|x64
		{2AFB0021-0EE7-4F30-9598-22E269F355CA}.Release|x86.ActiveCfg = Release|x86
		{2AFB0021-0EE7-4F30-9598-22E269F355CA}.Release|x86.Build.0 = Release|x86
		{2AFB0021-0EE7-4F30-9598-22E269F355CA}.Release|x86.Deploy.0 = Release|x86
	EndGlobalSection
	GlobalSection(SolutionProperties) = preSolution
		HideSolutionNode = FALSE
	EndGlobalSection
	GlobalSection(NestedProjects) = preSolution
		{0781218D-0BCF-4528-AA32-A1937572E43B} = {A3093869-0FE2-4929-8A5C-D384A14F0065}
		{C9313643-3357-4872-9B00-03E2C79AD297} = {A3093869-0FE2-4929-8A5C-D384A14F0065}
		{A5BF7067-2A28-4002-AEB4-1965D0DEDC14} = {AEF05715-89B3-4BDE-96B4-A8C502ADD1E5}
		{F02BD326-5760-4246-9EDC-C41B489E965B} = {A913B932-A596-428F-9B4B-F17692C41D1A}
		{C9E1CAA4-53F3-4032-92A0-81F5322D446B} = {AEF05715-89B3-4BDE-96B4-A8C502ADD1E5}
		{48483C42-37B1-4258-BD46-8387A4FA71C1} = {A913B932-A596-428F-9B4B-F17692C41D1A}
		{E0FB1BF8-E32C-4A8A-9AE6-E501CC68F279} = {A913B932-A596-428F-9B4B-F17692C41D1A}
		{2AFB0021-0EE7-4F30-9598-22E269F355CA} = {A3093869-0FE2-4929-8A5C-D384A14F0065}
	EndGlobalSection
	GlobalSection(ExtensibilityGlobals) = postSolution
		SolutionGuid = {FC817DF6-985F-441B-A47E-2539BCDEB3C1}
	EndGlobalSection
EndGlobal
